// !$*UTF8*$!
{
	archiveVersion = 1;
	classes = {
	};
	objectVersion = 46;
	objects = {

/* Begin PBXBuildFile section */
		E8E192DF1B784D83007276E7 /* main.m in Sources */ = {isa = PBXBuildFile; fileRef = E8E192DE1B784D83007276E7 /* main.m */; };
		E8E192E21B784D83007276E7 /* AppDelegate.m in Sources */ = {isa = PBXBuildFile; fileRef = E8E192E11B784D83007276E7 /* AppDelegate.m */; };
		E8E192E51B784D83007276E7 /* ViewController.m in Sources */ = {isa = PBXBuildFile; fileRef = E8E192E41B784D83007276E7 /* ViewController.m */; };
		E8E192E81B784D83007276E7 /* Main.storyboard in Resources */ = {isa = PBXBuildFile; fileRef = E8E192E61B784D83007276E7 /* Main.storyboard */; };
		E8E192EA1B784D83007276E7 /* Images.xcassets in Resources */ = {isa = PBXBuildFile; fileRef = E8E192E91B784D83007276E7 /* Images.xcassets */; };
		E8E192ED1B784D83007276E7 /* LaunchScreen.xib in Resources */ = {isa = PBXBuildFile; fileRef = E8E192EB1B784D83007276E7 /* LaunchScreen.xib */; };
		E8E192F91B784D84007276E7 /* FGGReachability_DemoTests.m in Sources */ = {isa = PBXBuildFile; fileRef = E8E192F81B784D84007276E7 /* FGGReachability_DemoTests.m */; };
		E8E193081B784D9F007276E7 /* FGGReachability.m in Sources */ = {isa = PBXBuildFile; fileRef = E8E193041B784D9F007276E7 /* FGGReachability.m */; };
		E8E193091B784D9F007276E7 /* Reachability.m in Sources */ = {isa = PBXBuildFile; fileRef = E8E193071B784D9F007276E7 /* Reachability.m */; };
		E8F71FEB1B78763600A39E12 /* CoreTelephony.framework in Frameworks */ = {isa = PBXBuildFile; fileRef = E8F71FEA1B78763600A39E12 /* CoreTelephony.framework */; };
/* End PBXBuildFile section */

/* Begin PBXContainerItemProxy section */
		E8E192F31B784D84007276E7 /* PBXContainerItemProxy */ = {
			isa = PBXContainerItemProxy;
			containerPortal = E8E192D11B784D83007276E7 /* Project object */;
			proxyType = 1;
			remoteGlobalIDString = E8E192D81B784D83007276E7;
			remoteInfo = FGGReachability_Demo;
		};
/* End PBXContainerItemProxy section */

/* Begin PBXFileReference section */
		E8E192D91B784D83007276E7 /* FGGReachability_Demo.app */ = {isa = PBXFileReference; explicitFileType = wrapper.application; includeInIndex = 0; path = FGGReachability_Demo.app; sourceTree = BUILT_PRODUCTS_DIR; };
		E8E192DD1B784D83007276E7 /* Info.plist */ = {isa = PBXFileReference; lastKnownFileType = text.plist.xml; path = Info.plist; sourceTree = "<group>"; };
		E8E192DE1B784D83007276E7 /* main.m */ = {isa = PBXFileReference; lastKnownFileType = sourcecode.c.objc; path = main.m; sourceTree = "<group>"; };
		E8E192E01B784D83007276E7 /* AppDelegate.h */ = {isa = PBXFileReference; lastKnownFileType = sourcecode.c.h; path = AppDelegate.h; sourceTree = "<group>"; };
		E8E192E11B784D83007276E7 /* AppDelegate.m */ = {isa = PBXFileReference; lastKnownFileType = sourcecode.c.objc; path = AppDelegate.m; sourceTree = "<group>"; };
		E8E192E31B784D83007276E7 /* ViewController.h */ = {isa = PBXFileReference; lastKnownFileType = sourcecode.c.h; path = ViewController.h; sourceTree = "<group>"; };
		E8E192E41B784D83007276E7 /* ViewController.m */ = {isa = PBXFileReference; lastKnownFileType = sourcecode.c.objc; path = ViewController.m; sourceTree = "<group>"; };
		E8E192E71B784D83007276E7 /* Base */ = {isa = PBXFileReference; lastKnownFileType = file.storyboard; name = Base; path = Base.lproj/Main.storyboard; sourceTree = "<group>"; };
		E8E192E91B784D83007276E7 /* Images.xcassets */ = {isa = PBXFileReference; lastKnownFileType = folder.assetcatalog; path = Images.xcassets; sourceTree = "<group>"; };
		E8E192EC1B784D83007276E7 /* Base */ = {isa = PBXFileReference; lastKnownFileType = file.xib; name = Base; path = Base.lproj/LaunchScreen.xib; sourceTree = "<group>"; };
		E8E192F21B784D84007276E7 /* FGGReachability_DemoTests.xctest */ = {isa = PBXFileReference; explicitFileType = wrapper.cfbundle; includeInIndex = 0; path = FGGReachability_DemoTests.xctest; sourceTree = BUILT_PRODUCTS_DIR; };
		E8E192F71B784D84007276E7 /* Info.plist */ = {isa = PBXFileReference; lastKnownFileType = text.plist.xml; path = Info.plist; sourceTree = "<group>"; };
		E8E192F81B784D84007276E7 /* FGGReachability_DemoTests.m */ = {isa = PBXFileReference; lastKnownFileType = sourcecode.c.objc; path = FGGReachability_DemoTests.m; sourceTree = "<group>"; };
		E8E193031B784D9F007276E7 /* FGGReachability.h */ = {isa = PBXFileReference; fileEncoding = 4; lastKnownFileType = sourcecode.c.h; path = FGGReachability.h; sourceTree = "<group>"; };
		E8E193041B784D9F007276E7 /* FGGReachability.m */ = {isa = PBXFileReference; fileEncoding = 4; lastKnownFileType = sourcecode.c.objc; path = FGGReachability.m; sourceTree = "<group>"; };
		E8E193061B784D9F007276E7 /* Reachability.h */ = {isa = PBXFileReference; fileEncoding = 4; lastKnownFileType = sourcecode.c.h; path = Reachability.h; sourceTree = "<group>"; };
		E8E193071B784D9F007276E7 /* Reachability.m */ = {isa = PBXFileReference; fileEncoding = 4; lastKnownFileType = sourcecode.c.objc; path = Reachability.m; sourceTree = "<group>"; };
		E8F71FEA1B78763600A39E12 /* CoreTelephony.framework */ = {isa = PBXFileReference; lastKnownFileType = wrapper.framework; name = CoreTelephony.framework; path = System/Library/Frameworks/CoreTelephony.framework; sourceTree = SDKROOT; };
/* End PBXFileReference section */

/* Begin PBXFrameworksBuildPhase section */
		E8E192D61B784D83007276E7 /* Frameworks */ = {
			isa = PBXFrameworksBuildPhase;
			buildActionMask = 2147483647;
			files = (
				E8F71FEB1B78763600A39E12 /* CoreTelephony.framework in Frameworks */,
			);
			runOnlyForDeploymentPostprocessing = 0;
		};
		E8E192EF1B784D84007276E7 /* Frameworks */ = {
			isa = PBXFrameworksBuildPhase;
			buildActionMask = 2147483647;
			files = (
			);
			runOnlyForDeploymentPostprocessing = 0;
		};
/* End PBXFrameworksBuildPhase section */

/* Begin PBXGroup section */
		E8E192D01B784D83007276E7 = {
			isa = PBXGroup;
			children = (
				E8F71FEA1B78763600A39E12 /* CoreTelephony.framework */,
				E8E193021B784D9F007276E7 /* FGGReachability */,
				E8E192DB1B784D83007276E7 /* FGGReachability_Demo */,
				E8E192F51B784D84007276E7 /* FGGReachability_DemoTests */,
				E8E192DA1B784D83007276E7 /* Products */,
			);
			sourceTree = "<group>";
		};
		E8E192DA1B784D83007276E7 /* Products */ = {
			isa = PBXGroup;
			children = (
				E8E192D91B784D83007276E7 /* FGGReachability_Demo.app */,
				E8E192F21B784D84007276E7 /* FGGReachability_DemoTests.xctest */,
			);
			name = Products;
			sourceTree = "<group>";
		};
		E8E192DB1B784D83007276E7 /* FGGReachability_Demo */ = {
			isa = PBXGroup;
			children = (
				E8E192E01B784D83007276E7 /* AppDelegate.h */,
				E8E192E11B784D83007276E7 /* AppDelegate.m */,
				E8E192E31B784D83007276E7 /* ViewController.h */,
				E8E192E41B784D83007276E7 /* ViewController.m */,
				E8E192E61B784D83007276E7 /* Main.storyboard */,
				E8E192E91B784D83007276E7 /* Images.xcassets */,
				E8E192EB1B784D83007276E7 /* LaunchScreen.xib */,
				E8E192DC1B784D83007276E7 /* Supporting Files */,
			);
			path = FGGReachability_Demo;
			sourceTree = "<group>";
		};
		E8E192DC1B784D83007276E7 /* Supporting Files */ = {
			isa = PBXGroup;
			children = (
				E8E192DD1B784D83007276E7 /* Info.plist */,
				E8E192DE1B784D83007276E7 /* main.m */,
			);
			name = "Supporting Files";
			sourceTree = "<group>";
		};
		E8E192F51B784D84007276E7 /* FGGReachability_DemoTests */ = {
			isa = PBXGroup;
			children = (
				E8E192F81B784D84007276E7 /* FGGReachability_DemoTests.m */,
				E8E192F61B784D84007276E7 /* Supporting Files */,
			);
			path = FGGReachability_DemoTests;
			sourceTree = "<group>";
		};
		E8E192F61B784D84007276E7 /* Supporting Files */ = {
			isa = PBXGroup;
			children = (
				E8E192F71B784D84007276E7 /* Info.plist */,
			);
			name = "Supporting Files";
			sourceTree = "<group>";
		};
		E8E193021B784D9F007276E7 /* FGGReachability */ = {
			isa = PBXGroup;
			children = (
				E8E193031B784D9F007276E7 /* FGGReachability.h */,
				E8E193041B784D9F007276E7 /* FGGReachability.m */,
				E8E193051B784D9F007276E7 /* Reachability */,
			);
			path = FGGReachability;
			sourceTree = "<group>";
		};
		E8E193051B784D9F007276E7 /* Reachability */ = {
			isa = PBXGroup;
			children = (
				E8E193061B784D9F007276E7 /* Reachability.h */,
				E8E193071B784D9F007276E7 /* Reachability.m */,
			);
			path = Reachability;
			sourceTree = "<group>";
		};
/* End PBXGroup section */

/* Begin PBXNativeTarget section */
		E8E192D81B784D83007276E7 /* FGGReachability_Demo */ = {
			isa = PBXNativeTarget;
			buildConfigurationList = E8E192FC1B784D84007276E7 /* Build configuration list for PBXNativeTarget "FGGReachability_Demo" */;
			buildPhases = (
				E8E192D51B784D83007276E7 /* Sources */,
				E8E192D61B784D83007276E7 /* Frameworks */,
				E8E192D71B784D83007276E7 /* Resources */,
			);
			buildRules = (
			);
			dependencies = (
			);
			name = FGGReachability_Demo;
			productName = FGGReachability_Demo;
			productReference = E8E192D91B784D83007276E7 /* FGGReachability_Demo.app */;
			productType = "com.apple.product-type.application";
		};
		E8E192F11B784D84007276E7 /* FGGReachability_DemoTests */ = {
			isa = PBXNativeTarget;
			buildConfigurationList = E8E192FF1B784D84007276E7 /* Build configuration list for PBXNativeTarget "FGGReachability_DemoTests" */;
			buildPhases = (
				E8E192EE1B784D84007276E7 /* Sources */,
				E8E192EF1B784D84007276E7 /* Frameworks */,
				E8E192F01B784D84007276E7 /* Resources */,
			);
			buildRules = (
			);
			dependencies = (
				E8E192F41B784D84007276E7 /* PBXTargetDependency */,
			);
			name = FGGReachability_DemoTests;
			productName = FGGReachability_DemoTests;
			productReference = E8E192F21B784D84007276E7 /* FGGReachability_DemoTests.xctest */;
			productType = "com.apple.product-type.bundle.unit-test";
		};
/* End PBXNativeTarget section */

/* Begin PBXProject section */
		E8E192D11B784D83007276E7 /* Project object */ = {
			isa = PBXProject;
			attributes = {
				LastUpgradeCheck = 0630;
				ORGANIZATIONNAME = "夏桂峰";
				TargetAttributes = {
					E8E192D81B784D83007276E7 = {
						CreatedOnToolsVersion = 6.3;
					};
					E8E192F11B784D84007276E7 = {
						CreatedOnToolsVersion = 6.3;
						TestTargetID = E8E192D81B784D83007276E7;
					};
				};
			};
			buildConfigurationList = E8E192D41B784D83007276E7 /* Build configuration list for PBXProject "FGGReachability_Demo" */;
			compatibilityVersion = "Xcode 3.2";
			developmentRegion = English;
			hasScannedForEncodings = 0;
			knownRegions = (
				en,
				Base,
			);
			mainGroup = E8E192D01B784D83007276E7;
			productRefGroup = E8E192DA1B784D83007276E7 /* Products */;
			projectDirPath = "";
			projectRoot = "";
			targets = (
				E8E192D81B784D83007276E7 /* FGGReachability_Demo */,
				E8E192F11B784D84007276E7 /* FGGReachability_DemoTests */,
			);
		};
/* End PBXProject section */

/* Begin PBXResourcesBuildPhase section */
		E8E192D71B784D83007276E7 /* Resources */ = {
			isa = PBXResourcesBuildPhase;
			buildActionMask = 2147483647;
			files = (
				E8E192E81B784D83007276E7 /* Main.storyboard in Resources */,
				E8E192ED1B784D83007276E7 /* LaunchScreen.xib in Resources */,
				E8E192EA1B784D83007276E7 /* Images.xcassets in Resources */,
			);
			runOnlyForDeploymentPostprocessing = 0;
		};
		E8E192F01B784D84007276E7 /* Resources */ = {
			isa = PBXResourcesBuildPhase;
			buildActionMask = 2147483647;
			files = (
			);
			runOnlyForDeploymentPostprocessing = 0;
		};
/* End PBXResourcesBuildPhase section */

/* Begin PBXSourcesBuildPhase section */
		E8E192D51B784D83007276E7 /* Sources */ = {
			isa = PBXSourcesBuildPhase;
			buildActionMask = 2147483647;
			files = (
				E8E192E51B784D83007276E7 /* ViewController.m in Sources */,
				E8E193081B784D9F007276E7 /* FGGReachability.m in Sources */,
				E8E192E21B784D83007276E7 /* AppDelegate.m in Sources */,
				E8E192DF1B784D83007276E7 /* main.m in Sources */,
				E8E193091B784D9F007276E7 /* Reachability.m in Sources */,
			);
			runOnlyForDeploymentPostprocessing = 0;
		};
		E8E192EE1B784D84007276E7 /* Sources */ = {
			isa = PBXSourcesBuildPhase;
			buildActionMask = 2147483647;
			files = (
				E8E192F91B784D84007276E7 /* FGGReachability_DemoTests.m in Sources */,
			);
			runOnlyForDeploymentPostprocessing = 0;
		};
/* End PBXSourcesBuildPhase section */

/* Begin PBXTargetDependency section */
		E8E192F41B784D84007276E7 /* PBXTargetDependency */ = {
			isa = PBXTargetDependency;
			target = E8E192D81B784D83007276E7 /* FGGReachability_Demo */;
			targetProxy = E8E192F31B784D84007276E7 /* PBXContainerItemProxy */;
		};
/* End PBXTargetDependency section */

/* Begin PBXVariantGroup section */
		E8E192E61B784D83007276E7 /* Main.storyboard */ = {
			isa = PBXVariantGroup;
			children = (
				E8E192E71B784D83007276E7 /* Base */,
			);
			name = Main.storyboard;
			sourceTree = "<group>";
		};
		E8E192EB1B784D83007276E7 /* LaunchScreen.xib */ = {
			isa = PBXVariantGroup;
			children = (
				E8E192EC1B784D83007276E7 /* Base */,
			);
			name = LaunchScreen.xib;
			sourceTree = "<group>";
		};
/* End PBXVariantGroup section */

/* Begin XCBuildConfiguration section */
		E8E192FA1B784D84007276E7 /* Debug */ = {
			isa = XCBuildConfiguration;
			buildSettings = {
				ALWAYS_SEARCH_USER_PATHS = NO;
				CLANG_CXX_LANGUAGE_STANDARD = "gnu++0x";
				CLANG_CXX_LIBRARY = "libc++";
				CLANG_ENABLE_MODULES = YES;
				CLANG_ENABLE_OBJC_ARC = YES;
				CLANG_WARN_BOOL_CONVERSION = YES;
				CLANG_WARN_CONSTANT_CONVERSION = YES;
				CLANG_WARN_DIRECT_OBJC_ISA_USAGE = YES_ERROR;
				CLANG_WARN_EMPTY_BODY = YES;
				CLANG_WARN_ENUM_CONVERSION = YES;
				CLANG_WARN_INT_CONVERSION = YES;
				CLANG_WARN_OBJC_ROOT_CLASS = YES_ERROR;
				CLANG_WARN_UNREACHABLE_CODE = YES;
				CLANG_WARN__DUPLICATE_METHOD_MATCH = YES;
				"CODE_SIGN_IDENTITY[sdk=iphoneos*]" = "iPhone Developer";
				COPY_PHASE_STRIP = NO;
				DEBUG_INFORMATION_FORMAT = "dwarf-with-dsym";
				ENABLE_STRICT_OBJC_MSGSEND = YES;
				GCC_C_LANGUAGE_STANDARD = gnu99;
				GCC_DYNAMIC_NO_PIC = NO;
				GCC_NO_COMMON_BLOCKS = YES;
				GCC_OPTIMIZATION_LEVEL = 0;
				GCC_PREPROCESSOR_DEFINITIONS = (
					"DEBUG=1",
					"$(inherited)",
				);
				GCC_SYMBOLS_PRIVATE_EXTERN = NO;
				GCC_WARN_64_TO_32_BIT_CONVERSION = YES;
				GCC_WARN_ABOUT_RETURN_TYPE = YES_ERROR;
				GCC_WARN_UNDECLARED_SELECTOR = YES;
				GCC_WARN_UNINITIALIZED_AUTOS = YES_AGGRESSIVE;
				GCC_WARN_UNUSED_FUNCTION = YES;
				GCC_WARN_UNUSED_VARIABLE = YES;
				IPHONEOS_DEPLOYMENT_TARGET = 8.3;
				MTL_ENABLE_DEBUG_INFO = YES;
				ONLY_ACTIVE_ARCH = YES;
				SDKROOT = iphoneos;
			};
			name = Debug;
		};
		E8E192FB1B784D84007276E7 /* Release */ = {
			isa = XCBuildConfiguration;
			buildSettings = {
				ALWAYS_SEARCH_USER_PATHS = NO;
				CLANG_CXX_LANGUAGE_STANDARD = "gnu++0x";
				CLANG_CXX_LIBRARY = "libc++";
				CLANG_ENABLE_MODULES = YES;
				CLANG_ENABLE_OBJC_ARC = YES;
				CLANG_WARN_BOOL_CONVERSION = YES;
				CLANG_WARN_CONSTANT_CONVERSION = YES;
				CLANG_WARN_DIRECT_OBJC_ISA_USAGE = YES_ERROR;
				CLANG_WARN_EMPTY_BODY = YES;
				CLANG_WARN_ENUM_CONVERSION = YES;
				CLANG_WARN_INT_CONVERSION = YES;
				CLANG_WARN_OBJC_ROOT_CLASS = YES_ERROR;
				CLANG_WARN_UNREACHABLE_CODE = YES;
				CLANG_WARN__DUPLICATE_METHOD_MATCH = YES;
				"CODE_SIGN_IDENTITY[sdk=iphoneos*]" = "iPhone Developer";
				COPY_PHASE_STRIP = NO;
				DEBUG_INFORMATION_FORMAT = "dwarf-with-dsym";
				ENABLE_NS_ASSERTIONS = NO;
				ENABLE_STRICT_OBJC_MSGSEND = YES;
				GCC_C_LANGUAGE_STANDARD = gnu99;
				GCC_NO_COMMON_BLOCKS = YES;
				GCC_WARN_64_TO_32_BIT_CONVERSION = YES;
				GCC_WARN_ABOUT_RETURN_TYPE = YES_ERROR;
				GCC_WARN_UNDECLARED_SELECTOR = YES;
				GCC_WARN_UNINITIALIZED_AUTOS = YES_AGGRESSIVE;
				GCC_WARN_UNUSED_FUNCTION = YES;
				GCC_WARN_UNUSED_VARIABLE = YES;
				IPHONEOS_DEPLOYMENT_TARGET = 8.3;
				MTL_ENABLE_DEBUG_INFO = NO;
				SDKROOT = iphoneos;
				VALIDATE_PRODUCT = YES;
			};
			name = Release;
		};
		E8E192FD1B784D84007276E7 /* Debug */ = {
			isa = XCBuildConfiguration;
			buildSettings = {
				ASSETCATALOG_COMPILER_APPICON_NAME = AppIcon;
				INFOPLIST_FILE = FGGReachability_Demo/Info.plist;
				LD_RUNPATH_SEARCH_PATHS = "$(inherited) @executable_path/Frameworks";
				PRODUCT_NAME = "$(TARGET_NAME)";
			};
			name = Debug;
		};
		E8E192FE1B784D84007276E7 /* Release */ = {
			isa = XCBuildConfiguration;
			buildSettings = {
				ASSETCATALOG_COMPILER_APPICON_NAME = AppIcon;
				INFOPLIST_FILE = FGGReachability_Demo/Info.plist;
				LD_RUNPATH_SEARCH_PATHS = "$(inherited) @executable_path/Frameworks";
				PRODUCT_NAME = "$(TARGET_NAME)";
			};
			name = Release;
		};
		E8E193001B784D84007276E7 /* Debug */ = {
			isa = XCBuildConfiguration;
			buildSettings = {
				BUNDLE_LOADER = "$(TEST_HOST)";
				FRAMEWORK_SEARCH_PATHS = (
					"$(SDKROOT)/Developer/Library/Frameworks",
					"$(inherited)",
				);
				GCC_PREPROCESSOR_DEFINITIONS = (
					"DEBUG=1",
					"$(inherited)",
				);
				INFOPLIST_FILE = FGGReachability_DemoTests/Info.plist;
				LD_RUNPATH_SEARCH_PATHS = "$(inherited) @executable_path/Frameworks @loader_path/Frameworks";
				PRODUCT_NAME = "$(TARGET_NAME)";
				TEST_HOST = "$(BUILT_PRODUCTS_DIR)/FGGReachability_Demo.app/FGGReachability_Demo";
			};
			name = Debug;
		};
		E8E193011B784D84007276E7 /* Release */ = {
			isa = XCBuildConfiguration;
			buildSettings = {
				BUNDLE_LOADER = "$(TEST_HOST)";
				FRAMEWORK_SEARCH_PATHS = (
					"$(SDKROOT)/Developer/Library/Frameworks",
					"$(inherited)",
				);
				INFOPLIST_FILE = FGGReachability_DemoTests/Info.plist;
				LD_RUNPATH_SEARCH_PATHS = "$(inherited) @executable_path/Frameworks @loader_path/Frameworks";
				PRODUCT_NAME = "$(TARGET_NAME)";
				TEST_HOST = "$(BUILT_PRODUCTS_DIR)/FGGReachability_Demo.app/FGGReachability_Demo";
			};
			name = Release;
		};
/* End XCBuildConfiguration section */

/* Begin XCConfigurationList section */
		E8E192D41B784D83007276E7 /* Build configuration list for PBXProject "FGGReachability_Demo" */ = {
			isa = XCConfigurationList;
			buildConfigurations = (
				E8E192FA1B784D84007276E7 /* Debug */,
				E8E192FB1B784D84007276E7 /* Release */,
			);
			defaultConfigurationIsVisible = 0;
			defaultConfigurationName = Release;
		};
		E8E192FC1B784D84007276E7 /* Build configuration list for PBXNativeTarget "FGGReachability_Demo" */ = {
			isa = XCConfigurationList;
			buildConfigurations = (
				E8E192FD1B784D84007276E7 /* Debug */,
				E8E192FE1B784D84007276E7 /* Release */,
			);
			defaultConfigurationIsVisible = 0;
			defaultConfigurationName = Release;
		};
		E8E192FF1B784D84007276E7 /* Build configuration list for PBXNativeTarget "FGGReachability_DemoTests" */ = {
			isa = XCConfigurationList;
			buildConfigurations = (
				E8E193001B784D84007276E7 /* Debug */,
				E8E193011B784D84007276E7 /* Release */,
			);
			defaultConfigurationIsVisible = 0;
			defaultConfigurationName = Release;
		};
/* End XCConfigurationList section */
	};
	rootObject = E8E192D11B784D83007276E7 /* Project object */;
}
